
Microsoft Visual Studio Solution File, Format Version 12.00
# Visual Studio Version 17
VisualStudioVersion = 17.8.34511.84
MinimumVisualStudioVersion = 10.0.40219.1
Project("{FAE04EC0-301F-11D3-BF4B-00C04F79EFBC}") = "EtkinlikYonetimSistemi", "EtkinlikYonetimSistemi\EtkinlikYonetimSistemi.csproj", "{CE3313DA-4077-4BF8-A57E-1541B7FEF787}"
EndProject
Project("{9A19103F-16F7-4668-BE54-9A1E7A4F7556}") = "DAL", "DAL\DAL.csproj", "{5C632C95-DEBD-42C5-BFBF-6C803DF814D7}"
EndProject
Project("{9A19103F-16F7-4668-BE54-9A1E7A4F7556}") = "EtkinlikYS.Model", "EtkinlikYS.Model\EtkinlikYS.Model.csproj", "{45C20035-D678-4C73-8613-7327EA476796}"
EndProject
Project("{9A19103F-16F7-4668-BE54-9A1E7A4F7556}") = "EtkinlikYS.BLL", "EtkinlikYS.BLL\EtkinlikYS.BLL.csproj", "{82EAFBE2-6ED5-44E3-8B78-50EFC4F51A15}"
EndProject
Project("{2150E333-8FDC-42A3-9474-1A3956D46DE8}") = "Solution Items", "Solution Items", "{5087C005-17DC-459C-8237-D079C6D27370}"
	ProjectSection(SolutionItems) = preProject
		..\..\..\Downloads\defaultEtkinlik.jpg = ..\..\..\Downloads\defaultEtkinlik.jpg
		..\..\..\OneDrive\Desktop\defaultpp.jpg = ..\..\..\OneDrive\Desktop\defaultpp.jpg
	EndProjectSection
EndProject
Global
	GlobalSection(SolutionConfigurationPlatforms) = preSolution
		Debug|Any CPU = Debug|Any CPU
		Release|Any CPU = Release|Any CPU
	EndGlobalSection
	GlobalSection(ProjectConfigurationPlatforms) = postSolution
		{CE3313DA-4077-4BF8-A57E-1541B7FEF787}.Debug|Any CPU.ActiveCfg = Debug|Any CPU
		{CE3313DA-4077-4BF8-A57E-1541B7FEF787}.Debug|Any CPU.Build.0 = Debug|Any CPU
		{CE3313DA-4077-4BF8-A57E-1541B7FEF787}.Release|Any CPU.ActiveCfg = Release|Any CPU
		{CE3313DA-4077-4BF8-A57E-1541B7FEF787}.Release|Any CPU.Build.0 = Release|Any CPU
		{5C632C95-DEBD-42C5-BFBF-6C803DF814D7}.Debug|Any CPU.ActiveCfg = Debug|Any CPU
		{5C632C95-DEBD-42C5-BFBF-6C803DF814D7}.Debug|Any CPU.Build.0 = Debug|Any CPU
		{5C632C95-DEBD-42C5-BFBF-6C803DF814D7}.Release|Any CPU.ActiveCfg = Release|Any CPU
		{5C632C95-DEBD-42C5-BFBF-6C803DF814D7}.Release|Any CPU.Build.0 = Release|Any CPU
		{45C20035-D678-4C73-8613-7327EA476796}.Debug|Any CPU.ActiveCfg = Debug|Any CPU
		{45C20035-D678-4C73-8613-7327EA476796}.Debug|Any CPU.Build.0 = Debug|Any CPU
		{45C20035-D678-4C73-8613-7327EA476796}.Release|Any CPU.ActiveCfg = Release|Any CPU
		{45C20035-D678-4C73-8613-7327EA476796}.Release|Any CPU.Build.0 = Release|Any CPU
		{82EAFBE2-6ED5-44E3-8B78-50EFC4F51A15}.Debug|Any CPU.ActiveCfg = Debug|Any CPU
		{82EAFBE2-6ED5-44E3-8B78-50EFC4F51A15}.Debug|Any CPU.Build.0 = Debug|Any CPU
		{82EAFBE2-6ED5-44E3-8B78-50EFC4F51A15}.Release|Any CPU.ActiveCfg = Release|Any CPU
		{82EAFBE2-6ED5-44E3-8B78-50EFC4F51A15}.Release|Any CPU.Build.0 = Release|Any CPU
	EndGlobalSection
	GlobalSection(SolutionProperties) = preSolution
		HideSolutionNode = FALSE
	EndGlobalSection
	GlobalSection(ExtensibilityGlobals) = postSolution
		SolutionGuid = {B81C6E15-D63E-4FD6-BFA8-66B63591AE01}
	EndGlobalSection
EndGlobal
